
Microsoft Visual Studio Solution File, Format Version 12.00
# Visual Studio Version 16
VisualStudioVersion = 16.0.32106.194
MinimumVisualStudioVersion = 10.0.40219.1
Project("{FAE04EC0-301F-11D3-BF4B-00C04F79EFBC}") = "Calculadora", "Calculadora\Calculadora.csproj", "{FA7EFD8C-63F5-4EE9-BEC2-59957E3DD319}"
EndProject
Global
	GlobalSection(SolutionConfigurationPlatforms) = preSolution
		Debug|Any CPU = Debug|Any CPU
		Release|Any CPU = Release|Any CPU
	EndGlobalSection
	GlobalSection(ProjectConfigurationPlatforms) = postSolution
		{FA7EFD8C-63F5-4EE9-BEC2-59957E3DD319}.Debug|Any CPU.ActiveCfg = Debug|Any CPU
		{FA7EFD8C-63F5-4EE9-BEC2-59957E3DD319}.Debug|Any CPU.Build.0 = Debug|Any CPU
		{FA7EFD8C-63F5-4EE9-BEC2-59957E3DD319}.Release|Any CPU.ActiveCfg = Release|Any CPU
		{FA7EFD8C-63F5-4EE9-BEC2-59957E3DD319}.Release|Any CPU.Build.0 = Release|Any CPU
	EndGlobalSection
	GlobalSection(SolutionProperties) = preSolution
		HideSolutionNode = FALSE
	EndGlobalSection
	GlobalSection(ExtensibilityGlobals) = postSolution
		SolutionGuid = {7D801189-C3AD-4D83-8EC3-0CC7289431FF}
	EndGlobalSection
EndGlobal
